{
    "hash": "369bb83c6f8c2af5933e5becc79fd726",
    "packages": [
        {
            "package": "justinrainbow/json-schema",
            "version": "1.1.0"
        },
        {
            "package": "kherge/amend",
            "version": "dev-master",
            "alias-pretty-version": "1.0.x-dev",
            "alias-version": "1.0.9999999.9999999-dev"
        },
        {
            "package": "kherge/amend",
            "version": "dev-master",
            "source-reference": "1.0.0-beta.1",
            "commit-date": "1343251308"
        },
        {
            "package": "kherge/version",
            "version": "dev-master",
            "alias-pretty-version": "1.0.x-dev",
            "alias-version": "1.0.9999999.9999999-dev"
        },
        {
            "package": "kherge/version",
            "version": "dev-master",
            "source-reference": "1.0.0",
            "commit-date": "1343250561"
        },
        {
            "package": "seld/jsonlint",
            "version": "1.0.0"
        },
        {
            "package": "symfony/console",
            "version": "v2.1.0-BETA4"
        },
        {
            "package": "symfony/finder",
            "version": "v2.1.0-BETA4"
        },
        {
            "package": "symfony/process",
            "version": "v2.1.0-BETA4"
        }
    ],
    "packages-dev": [

    ],
    "aliases": [

    ],
    "minimum-stability": "beta",
    "stability-flags": {
        "kherge/amend": 20,
        "kherge/version": 20
    }
}
