{
    "hash": "777ec4935b10af1149a2b3b51c2e4f82",
    "packages": [
        {
            "package": "justinrainbow/json-schema",
            "version": "1.1.0"
        },
        {
            "package": "kherge/amend",
            "version": "1.0.0-beta.1"
        },
        {
            "package": "kherge/version",
            "version": "1.0.0"
        },
        {
            "package": "seld/jsonlint",
            "version": "1.0.0"
        },
        {
            "package": "symfony/console",
            "version": "v2.1.0-BETA4"
        },
        {
            "package": "symfony/finder",
            "version": "v2.1.0-BETA4"
        },
        {
            "package": "symfony/process",
            "version": "v2.1.0-BETA4"
        }
    ],
    "packages-dev": null,
    "aliases": [

    ],
    "minimum-stability": "beta",
    "stability-flags": [

    ]
}
